
Microsoft Visual Studio Solution File, Format Version 12.00
# Visual Studio Version 16
VisualStudioVersion = 16.0.30413.136
MinimumVisualStudioVersion = 10.0.40219.1
Project("{FAE04EC0-301F-11D3-BF4B-00C04F79EFBC}") = "SecureAPI", "SecureAPI\SecureAPI.csproj", "{2E21E990-6BE3-4106-A155-062B855DDC8E}"
EndProject
Global
	GlobalSection(SolutionConfigurationPlatforms) = preSolution
		Debug|Any CPU = Debug|Any CPU
		Release|Any CPU = Release|Any CPU
	EndGlobalSection
	GlobalSection(ProjectConfigurationPlatforms) = postSolution
		{2E21E990-6BE3-4106-A155-062B855DDC8E}.Debug|Any CPU.ActiveCfg = Debug|Any CPU
		{2E21E990-6BE3-4106-A155-062B855DDC8E}.Debug|Any CPU.Build.0 = Debug|Any CPU
		{2E21E990-6BE3-4106-A155-062B855DDC8E}.Release|Any CPU.ActiveCfg = Release|Any CPU
		{2E21E990-6BE3-4106-A155-062B855DDC8E}.Release|Any CPU.Build.0 = Release|Any CPU
	EndGlobalSection
	GlobalSection(SolutionProperties) = preSolution
		HideSolutionNode = FALSE
	EndGlobalSection
	GlobalSection(ExtensibilityGlobals) = postSolution
		SolutionGuid = {AC5970E6-D94B-4D3B-AAF3-0675AD8BC59B}
	EndGlobalSection
EndGlobal
